// !$*UTF8*$!
{
	archiveVersion = 1;
	classes = {
	};
	objectVersion = 46;
	objects = {

/* Begin PBXBuildFile section */
		D1B8C7565F8EDD28F15BAF7E /* Pods_Flicks.framework in Frameworks */ = {isa = PBXBuildFile; fileRef = 82133C9965C98773ABD0661B /* Pods_Flicks.framework */; };
		E03328551E8C195B0031C2E9 /* AppDelegate.swift in Sources */ = {isa = PBXBuildFile; fileRef = E03328541E8C195B0031C2E9 /* AppDelegate.swift */; };
		E033285A1E8C195B0031C2E9 /* Main.storyboard in Resources */ = {isa = PBXBuildFile; fileRef = E03328581E8C195B0031C2E9 /* Main.storyboard */; };
		E033285C1E8C195B0031C2E9 /* Assets.xcassets in Resources */ = {isa = PBXBuildFile; fileRef = E033285B1E8C195B0031C2E9 /* Assets.xcassets */; };
		E033285F1E8C195B0031C2E9 /* LaunchScreen.storyboard in Resources */ = {isa = PBXBuildFile; fileRef = E033285D1E8C195B0031C2E9 /* LaunchScreen.storyboard */; };
		E065C6CD1E8DB75D006A9469 /* AFNetworking.framework in Frameworks */ = {isa = PBXBuildFile; fileRef = E065C6CB1E8DB75D006A9469 /* AFNetworking.framework */; };
		E065C6CE1E8DB75D006A9469 /* SVProgressHUD.framework in Frameworks */ = {isa = PBXBuildFile; fileRef = E065C6CC1E8DB75D006A9469 /* SVProgressHUD.framework */; };
		E065C6D01E8DC38D006A9469 /* Reachability.swift in Sources */ = {isa = PBXBuildFile; fileRef = E065C6CF1E8DC38D006A9469 /* Reachability.swift */; };
		E065C6D21E8DC3AA006A9469 /* Helpers.swift in Sources */ = {isa = PBXBuildFile; fileRef = E065C6D11E8DC3AA006A9469 /* Helpers.swift */; };
		E065C6D61E8DCE29006A9469 /* MoviesCustomCell.swift in Sources */ = {isa = PBXBuildFile; fileRef = E065C6D41E8DCE29006A9469 /* MoviesCustomCell.swift */; };
		E0ACBA4C1E8C3ECD002C84E0 /* Movie.swift in Sources */ = {isa = PBXBuildFile; fileRef = E0ACBA4B1E8C3ECD002C84E0 /* Movie.swift */; };
		E0ACBA4F1E8C3EDC002C84E0 /* APIManagerHelper.swift in Sources */ = {isa = PBXBuildFile; fileRef = E0ACBA4E1E8C3EDC002C84E0 /* APIManagerHelper.swift */; };
		E0ACBA521E8C3EE7002C84E0 /* APIManager.swift in Sources */ = {isa = PBXBuildFile; fileRef = E0ACBA511E8C3EE7002C84E0 /* APIManager.swift */; };
		E0ACBA551E8C3EEF002C84E0 /* NowPlayingMoviesViewController.swift in Sources */ = {isa = PBXBuildFile; fileRef = E0ACBA541E8C3EEF002C84E0 /* NowPlayingMoviesViewController.swift */; };
		E0ACBA591E8C5E6F002C84E0 /* DetailViewController.swift in Sources */ = {isa = PBXBuildFile; fileRef = E0ACBA581E8C5E6F002C84E0 /* DetailViewController.swift */; };
		E0DF780D1E91669600F678C7 /* CircularTransition.swift in Sources */ = {isa = PBXBuildFile; fileRef = E0DF780C1E91669600F678C7 /* CircularTransition.swift */; };
/* End PBXBuildFile section */

/* Begin PBXFileReference section */
		81819759A3293FF705533F18 /* Pods-Flicks.debug.xcconfig */ = {isa = PBXFileReference; includeInIndex = 1; lastKnownFileType = text.xcconfig; name = "Pods-Flicks.debug.xcconfig"; path = "Pods/Target Support Files/Pods-Flicks/Pods-Flicks.debug.xcconfig"; sourceTree = "<group>"; };
		82133C9965C98773ABD0661B /* Pods_Flicks.framework */ = {isa = PBXFileReference; explicitFileType = wrapper.framework; includeInIndex = 0; path = Pods_Flicks.framework; sourceTree = BUILT_PRODUCTS_DIR; };
		CE38B296556DA3FC253B5BE9 /* Pods-Flicks.release.xcconfig */ = {isa = PBXFileReference; includeInIndex = 1; lastKnownFileType = text.xcconfig; name = "Pods-Flicks.release.xcconfig"; path = "Pods/Target Support Files/Pods-Flicks/Pods-Flicks.release.xcconfig"; sourceTree = "<group>"; };
		E03328511E8C195B0031C2E9 /* Flicks.app */ = {isa = PBXFileReference; explicitFileType = wrapper.application; includeInIndex = 0; path = Flicks.app; sourceTree = BUILT_PRODUCTS_DIR; };
		E03328541E8C195B0031C2E9 /* AppDelegate.swift */ = {isa = PBXFileReference; lastKnownFileType = sourcecode.swift; path = AppDelegate.swift; sourceTree = "<group>"; };
		E03328591E8C195B0031C2E9 /* Base */ = {isa = PBXFileReference; lastKnownFileType = file.storyboard; name = Base; path = Base.lproj/Main.storyboard; sourceTree = "<group>"; };
		E033285B1E8C195B0031C2E9 /* Assets.xcassets */ = {isa = PBXFileReference; lastKnownFileType = folder.assetcatalog; path = Assets.xcassets; sourceTree = "<group>"; };
		E033285E1E8C195B0031C2E9 /* Base */ = {isa = PBXFileReference; lastKnownFileType = file.storyboard; name = Base; path = Base.lproj/LaunchScreen.storyboard; sourceTree = "<group>"; };
		E03328601E8C195B0031C2E9 /* Info.plist */ = {isa = PBXFileReference; lastKnownFileType = text.plist.xml; path = Info.plist; sourceTree = "<group>"; };
		E065C6CB1E8DB75D006A9469 /* AFNetworking.framework */ = {isa = PBXFileReference; lastKnownFileType = wrapper.framework; name = AFNetworking.framework; path = "../../../Library/Developer/Xcode/DerivedData/Flicks-ccfbvwsdhklvkafqqfpedwhxzxvn/Build/Products/Debug-iphonesimulator/AFNetworking/AFNetworking.framework"; sourceTree = "<group>"; };
		E065C6CC1E8DB75D006A9469 /* SVProgressHUD.framework */ = {isa = PBXFileReference; lastKnownFileType = wrapper.framework; name = SVProgressHUD.framework; path = "Pods/../build/Debug-iphoneos/SVProgressHUD/SVProgressHUD.framework"; sourceTree = "<group>"; };
		E065C6CF1E8DC38D006A9469 /* Reachability.swift */ = {isa = PBXFileReference; fileEncoding = 4; lastKnownFileType = sourcecode.swift; path = Reachability.swift; sourceTree = "<group>"; };
		E065C6D11E8DC3AA006A9469 /* Helpers.swift */ = {isa = PBXFileReference; fileEncoding = 4; lastKnownFileType = sourcecode.swift; path = Helpers.swift; sourceTree = "<group>"; };
		E065C6D41E8DCE29006A9469 /* MoviesCustomCell.swift */ = {isa = PBXFileReference; fileEncoding = 4; lastKnownFileType = sourcecode.swift; path = MoviesCustomCell.swift; sourceTree = "<group>"; };
		E0ACBA4B1E8C3ECD002C84E0 /* Movie.swift */ = {isa = PBXFileReference; fileEncoding = 4; lastKnownFileType = sourcecode.swift; path = Movie.swift; sourceTree = "<group>"; };
		E0ACBA4E1E8C3EDC002C84E0 /* APIManagerHelper.swift */ = {isa = PBXFileReference; fileEncoding = 4; lastKnownFileType = sourcecode.swift; path = APIManagerHelper.swift; sourceTree = "<group>"; };
		E0ACBA511E8C3EE7002C84E0 /* APIManager.swift */ = {isa = PBXFileReference; fileEncoding = 4; lastKnownFileType = sourcecode.swift; path = APIManager.swift; sourceTree = "<group>"; };
		E0ACBA541E8C3EEF002C84E0 /* NowPlayingMoviesViewController.swift */ = {isa = PBXFileReference; fileEncoding = 4; lastKnownFileType = sourcecode.swift; path = NowPlayingMoviesViewController.swift; sourceTree = "<group>"; };
		E0ACBA581E8C5E6F002C84E0 /* DetailViewController.swift */ = {isa = PBXFileReference; fileEncoding = 4; lastKnownFileType = sourcecode.swift; path = DetailViewController.swift; sourceTree = "<group>"; };
		E0DF780C1E91669600F678C7 /* CircularTransition.swift */ = {isa = PBXFileReference; fileEncoding = 4; lastKnownFileType = sourcecode.swift; path = CircularTransition.swift; sourceTree = "<group>"; };
/* End PBXFileReference section */

/* Begin PBXFrameworksBuildPhase section */
		E033284E1E8C195B0031C2E9 /* Frameworks */ = {
			isa = PBXFrameworksBuildPhase;
			buildActionMask = 2147483647;
			files = (
				E065C6CD1E8DB75D006A9469 /* AFNetworking.framework in Frameworks */,
				E065C6CE1E8DB75D006A9469 /* SVProgressHUD.framework in Frameworks */,
				D1B8C7565F8EDD28F15BAF7E /* Pods_Flicks.framework in Frameworks */,
			);
			runOnlyForDeploymentPostprocessing = 0;
		};
/* End PBXFrameworksBuildPhase section */

/* Begin PBXGroup section */
		509B8F0CA238BDE62E6ED1FD /* Frameworks */ = {
			isa = PBXGroup;
			children = (
				E065C6CB1E8DB75D006A9469 /* AFNetworking.framework */,
				E065C6CC1E8DB75D006A9469 /* SVProgressHUD.framework */,
				82133C9965C98773ABD0661B /* Pods_Flicks.framework */,
			);
			name = Frameworks;
			sourceTree = "<group>";
		};
		7AE5336727A55D343B4E8216 /* Pods */ = {
			isa = PBXGroup;
			children = (
				81819759A3293FF705533F18 /* Pods-Flicks.debug.xcconfig */,
				CE38B296556DA3FC253B5BE9 /* Pods-Flicks.release.xcconfig */,
			);
			name = Pods;
			sourceTree = "<group>";
		};
		E03328481E8C195B0031C2E9 = {
			isa = PBXGroup;
			children = (
				E03328531E8C195B0031C2E9 /* Flicks */,
				E03328521E8C195B0031C2E9 /* Products */,
				7AE5336727A55D343B4E8216 /* Pods */,
				509B8F0CA238BDE62E6ED1FD /* Frameworks */,
			);
			sourceTree = "<group>";
		};
		E03328521E8C195B0031C2E9 /* Products */ = {
			isa = PBXGroup;
			children = (
				E03328511E8C195B0031C2E9 /* Flicks.app */,
			);
			name = Products;
			sourceTree = "<group>";
		};
		E03328531E8C195B0031C2E9 /* Flicks */ = {
			isa = PBXGroup;
			children = (
				E03328541E8C195B0031C2E9 /* AppDelegate.swift */,
				E065C6D31E8DCE29006A9469 /* UI */,
				E0ACBA501E8C3EE7002C84E0 /* Services */,
				E0ACBA4A1E8C3ECD002C84E0 /* Models */,
				E0ACBA4D1E8C3EDC002C84E0 /* Helpers */,
				E0ACBA531E8C3EEF002C84E0 /* ViewControllers */,
				E03328581E8C195B0031C2E9 /* Main.storyboard */,
				E033285B1E8C195B0031C2E9 /* Assets.xcassets */,
				E033285D1E8C195B0031C2E9 /* LaunchScreen.storyboard */,
				E03328601E8C195B0031C2E9 /* Info.plist */,
			);
			path = Flicks;
			sourceTree = "<group>";
		};
		E065C6D31E8DCE29006A9469 /* UI */ = {
			isa = PBXGroup;
			children = (
				E065C6D41E8DCE29006A9469 /* MoviesCustomCell.swift */,
				E0DF780C1E91669600F678C7 /* CircularTransition.swift */,
			);
			path = UI;
			sourceTree = "<group>";
		};
		E0ACBA4A1E8C3ECD002C84E0 /* Models */ = {
			isa = PBXGroup;
			children = (
				E0ACBA4B1E8C3ECD002C84E0 /* Movie.swift */,
			);
			path = Models;
			sourceTree = "<group>";
		};
		E0ACBA4D1E8C3EDC002C84E0 /* Helpers */ = {
			isa = PBXGroup;
			children = (
				E065C6CF1E8DC38D006A9469 /* Reachability.swift */,
				E0ACBA4E1E8C3EDC002C84E0 /* APIManagerHelper.swift */,
				E065C6D11E8DC3AA006A9469 /* Helpers.swift */,
			);
			path = Helpers;
			sourceTree = "<group>";
		};
		E0ACBA501E8C3EE7002C84E0 /* Services */ = {
			isa = PBXGroup;
			children = (
				E0ACBA511E8C3EE7002C84E0 /* APIManager.swift */,
			);
			path = Services;
			sourceTree = "<group>";
		};
		E0ACBA531E8C3EEF002C84E0 /* ViewControllers */ = {
			isa = PBXGroup;
			children = (
				E0ACBA541E8C3EEF002C84E0 /* NowPlayingMoviesViewController.swift */,
				E0ACBA581E8C5E6F002C84E0 /* DetailViewController.swift */,
			);
			path = ViewControllers;
			sourceTree = "<group>";
		};
/* End PBXGroup section */

/* Begin PBXNativeTarget section */
		E03328501E8C195B0031C2E9 /* Flicks */ = {
			isa = PBXNativeTarget;
			buildConfigurationList = E03328631E8C195B0031C2E9 /* Build configuration list for PBXNativeTarget "Flicks" */;
			buildPhases = (
				A29F5CD1FF2C776A8082A824 /* [CP] Check Pods Manifest.lock */,
				E033284D1E8C195B0031C2E9 /* Sources */,
				E033284E1E8C195B0031C2E9 /* Frameworks */,
				E033284F1E8C195B0031C2E9 /* Resources */,
				AC5CA1C43441FD1D92BE131D /* [CP] Embed Pods Frameworks */,
				4DFA7388B6EB045520D30413 /* [CP] Copy Pods Resources */,
			);
			buildRules = (
			);
			dependencies = (
			);
			name = Flicks;
			productName = Flicks;
			productReference = E03328511E8C195B0031C2E9 /* Flicks.app */;
			productType = "com.apple.product-type.application";
		};
/* End PBXNativeTarget section */

/* Begin PBXProject section */
		E03328491E8C195B0031C2E9 /* Project object */ = {
			isa = PBXProject;
			attributes = {
				LastSwiftUpdateCheck = 0830;
				LastUpgradeCheck = 0830;
				ORGANIZATIONNAME = yanzeliu;
				TargetAttributes = {
					E03328501E8C195B0031C2E9 = {
						CreatedOnToolsVersion = 8.3;
						DevelopmentTeam = WQ56QXLK4A;
						ProvisioningStyle = Automatic;
					};
				};
			};
			buildConfigurationList = E033284C1E8C195B0031C2E9 /* Build configuration list for PBXProject "Flicks" */;
			compatibilityVersion = "Xcode 3.2";
			developmentRegion = English;
			hasScannedForEncodings = 0;
			knownRegions = (
				en,
				Base,
			);
			mainGroup = E03328481E8C195B0031C2E9;
			productRefGroup = E03328521E8C195B0031C2E9 /* Products */;
			projectDirPath = "";
			projectRoot = "";
			targets = (
				E03328501E8C195B0031C2E9 /* Flicks */,
			);
		};
/* End PBXProject section */

/* Begin PBXResourcesBuildPhase section */
		E033284F1E8C195B0031C2E9 /* Resources */ = {
			isa = PBXResourcesBuildPhase;
			buildActionMask = 2147483647;
			files = (
				E033285F1E8C195B0031C2E9 /* LaunchScreen.storyboard in Resources */,
				E033285C1E8C195B0031C2E9 /* Assets.xcassets in Resources */,
				E033285A1E8C195B0031C2E9 /* Main.storyboard in Resources */,
			);
			runOnlyForDeploymentPostprocessing = 0;
		};
/* End PBXResourcesBuildPhase section */

/* Begin PBXShellScriptBuildPhase section */
		4DFA7388B6EB045520D30413 /* [CP] Copy Pods Resources */ = {
			isa = PBXShellScriptBuildPhase;
			buildActionMask = 2147483647;
			files = (
			);
			inputPaths = (
			);
			name = "[CP] Copy Pods Resources";
			outputPaths = (
			);
			runOnlyForDeploymentPostprocessing = 0;
			shellPath = /bin/sh;
			shellScript = "\"${SRCROOT}/Pods/Target Support Files/Pods-Flicks/Pods-Flicks-resources.sh\"\n";
			showEnvVarsInLog = 0;
		};
		A29F5CD1FF2C776A8082A824 /* [CP] Check Pods Manifest.lock */ = {
			isa = PBXShellScriptBuildPhase;
			buildActionMask = 2147483647;
			files = (
			);
			inputPaths = (
			);
			name = "[CP] Check Pods Manifest.lock";
			outputPaths = (
			);
			runOnlyForDeploymentPostprocessing = 0;
			shellPath = /bin/sh;
			shellScript = "diff \"${PODS_ROOT}/../Podfile.lock\" \"${PODS_ROOT}/Manifest.lock\" > /dev/null\nif [ $? != 0 ] ; then\n    # print error to STDERR\n    echo \"error: The sandbox is not in sync with the Podfile.lock. Run 'pod install' or update your CocoaPods installation.\" >&2\n    exit 1\nfi\n";
			showEnvVarsInLog = 0;
		};
		AC5CA1C43441FD1D92BE131D /* [CP] Embed Pods Frameworks */ = {
			isa = PBXShellScriptBuildPhase;
			buildActionMask = 2147483647;
			files = (
			);
			inputPaths = (
			);
			name = "[CP] Embed Pods Frameworks";
			outputPaths = (
			);
			runOnlyForDeploymentPostprocessing = 0;
			shellPath = /bin/sh;
			shellScript = "\"${SRCROOT}/Pods/Target Support Files/Pods-Flicks/Pods-Flicks-frameworks.sh\"\n";
			showEnvVarsInLog = 0;
		};
/* End PBXShellScriptBuildPhase section */

/* Begin PBXSourcesBuildPhase section */
		E033284D1E8C195B0031C2E9 /* Sources */ = {
			isa = PBXSourcesBuildPhase;
			buildActionMask = 2147483647;
			files = (
				E0ACBA521E8C3EE7002C84E0 /* APIManager.swift in Sources */,
				E0DF780D1E91669600F678C7 /* CircularTransition.swift in Sources */,
				E065C6D61E8DCE29006A9469 /* MoviesCustomCell.swift in Sources */,
				E065C6D01E8DC38D006A9469 /* Reachability.swift in Sources */,
				E065C6D21E8DC3AA006A9469 /* Helpers.swift in Sources */,
				E0ACBA551E8C3EEF002C84E0 /* NowPlayingMoviesViewController.swift in Sources */,
				E0ACBA4F1E8C3EDC002C84E0 /* APIManagerHelper.swift in Sources */,
				E0ACBA4C1E8C3ECD002C84E0 /* Movie.swift in Sources */,
				E03328551E8C195B0031C2E9 /* AppDelegate.swift in Sources */,
				E0ACBA591E8C5E6F002C84E0 /* DetailViewController.swift in Sources */,
			);
			runOnlyForDeploymentPostprocessing = 0;
		};
/* End PBXSourcesBuildPhase section */

/* Begin PBXVariantGroup section */
		E03328581E8C195B0031C2E9 /* Main.storyboard */ = {
			isa = PBXVariantGroup;
			children = (
				E03328591E8C195B0031C2E9 /* Base */,
			);
			name = Main.storyboard;
			sourceTree = "<group>";
		};
		E033285D1E8C195B0031C2E9 /* LaunchScreen.storyboard */ = {
			isa = PBXVariantGroup;
			children = (
				E033285E1E8C195B0031C2E9 /* Base */,
			);
			name = LaunchScreen.storyboard;
			sourceTree = "<group>";
		};
/* End PBXVariantGroup section */

/* Begin XCBuildConfiguration section */
		E03328611E8C195B0031C2E9 /* Debug */ = {
			isa = XCBuildConfiguration;
			buildSettings = {
				ALWAYS_SEARCH_USER_PATHS = NO;
				CLANG_ANALYZER_NONNULL = YES;
				CLANG_ANALYZER_NUMBER_OBJECT_CONVERSION = YES_AGGRESSIVE;
				CLANG_CXX_LANGUAGE_STANDARD = "gnu++0x";
				CLANG_CXX_LIBRARY = "libc++";
				CLANG_ENABLE_MODULES = YES;
				CLANG_ENABLE_OBJC_ARC = YES;
				CLANG_WARN_BOOL_CONVERSION = YES;
				CLANG_WARN_CONSTANT_CONVERSION = YES;
				CLANG_WARN_DIRECT_OBJC_ISA_USAGE = YES_ERROR;
				CLANG_WARN_DOCUMENTATION_COMMENTS = YES;
				CLANG_WARN_EMPTY_BODY = YES;
				CLANG_WARN_ENUM_CONVERSION = YES;
				CLANG_WARN_INFINITE_RECURSION = YES;
				CLANG_WARN_INT_CONVERSION = YES;
				CLANG_WARN_OBJC_ROOT_CLASS = YES_ERROR;
				CLANG_WARN_SUSPICIOUS_MOVE = YES;
				CLANG_WARN_UNREACHABLE_CODE = YES;
				CLANG_WARN__DUPLICATE_METHOD_MATCH = YES;
				"CODE_SIGN_IDENTITY[sdk=iphoneos*]" = "iPhone Developer";
				COPY_PHASE_STRIP = NO;
				DEBUG_INFORMATION_FORMAT = dwarf;
				ENABLE_STRICT_OBJC_MSGSEND = YES;
				ENABLE_TESTABILITY = YES;
				GCC_C_LANGUAGE_STANDARD = gnu99;
				GCC_DYNAMIC_NO_PIC = NO;
				GCC_NO_COMMON_BLOCKS = YES;
				GCC_OPTIMIZATION_LEVEL = 0;
				GCC_PREPROCESSOR_DEFINITIONS = (
					"DEBUG=1",
					"$(inherited)",
				);
				GCC_WARN_64_TO_32_BIT_CONVERSION = YES;
				GCC_WARN_ABOUT_RETURN_TYPE = YES_ERROR;
				GCC_WARN_UNDECLARED_SELECTOR = YES;
				GCC_WARN_UNINITIALIZED_AUTOS = YES_AGGRESSIVE;
				GCC_WARN_UNUSED_FUNCTION = YES;
				GCC_WARN_UNUSED_VARIABLE = YES;
				IPHONEOS_DEPLOYMENT_TARGET = 10.3;
				MTL_ENABLE_DEBUG_INFO = YES;
				ONLY_ACTIVE_ARCH = YES;
				SDKROOT = iphoneos;
				SWIFT_ACTIVE_COMPILATION_CONDITIONS = DEBUG;
				SWIFT_OPTIMIZATION_LEVEL = "-Onone";
				TARGETED_DEVICE_FAMILY = "1,2";
			};
			name = Debug;
		};
		E03328621E8C195B0031C2E9 /* Release */ = {
			isa = XCBuildConfiguration;
			buildSettings = {
				ALWAYS_SEARCH_USER_PATHS = NO;
				CLANG_ANALYZER_NONNULL = YES;
				CLANG_ANALYZER_NUMBER_OBJECT_CONVERSION = YES_AGGRESSIVE;
				CLANG_CXX_LANGUAGE_STANDARD = "gnu++0x";
				CLANG_CXX_LIBRARY = "libc++";
				CLANG_ENABLE_MODULES = YES;
				CLANG_ENABLE_OBJC_ARC = YES;
				CLANG_WARN_BOOL_CONVERSION = YES;
				CLANG_WARN_CONSTANT_CONVERSION = YES;
				CLANG_WARN_DIRECT_OBJC_ISA_USAGE = YES_ERROR;
				CLANG_WARN_DOCUMENTATION_COMMENTS = YES;
				CLANG_WARN_EMPTY_BODY = YES;
				CLANG_WARN_ENUM_CONVERSION = YES;
				CLANG_WARN_INFINITE_RECURSION = YES;
				CLANG_WARN_INT_CONVERSION = YES;
				CLANG_WARN_OBJC_ROOT_CLASS = YES_ERROR;
				CLANG_WARN_SUSPICIOUS_MOVE = YES;
				CLANG_WARN_UNREACHABLE_CODE = YES;
				CLANG_WARN__DUPLICATE_METHOD_MATCH = YES;
				"CODE_SIGN_IDENTITY[sdk=iphoneos*]" = "iPhone Developer";
				COPY_PHASE_STRIP = NO;
				DEBUG_INFORMATION_FORMAT = "dwarf-with-dsym";
				ENABLE_NS_ASSERTIONS = NO;
				ENABLE_STRICT_OBJC_MSGSEND = YES;
				GCC_C_LANGUAGE_STANDARD = gnu99;
				GCC_NO_COMMON_BLOCKS = YES;
				GCC_WARN_64_TO_32_BIT_CONVERSION = YES;
				GCC_WARN_ABOUT_RETURN_TYPE = YES_ERROR;
				GCC_WARN_UNDECLARED_SELECTOR = YES;
				GCC_WARN_UNINITIALIZED_AUTOS = YES_AGGRESSIVE;
				GCC_WARN_UNUSED_FUNCTION = YES;
				GCC_WARN_UNUSED_VARIABLE = YES;
				IPHONEOS_DEPLOYMENT_TARGET = 10.3;
				MTL_ENABLE_DEBUG_INFO = NO;
				SDKROOT = iphoneos;
				SWIFT_OPTIMIZATION_LEVEL = "-Owholemodule";
				TARGETED_DEVICE_FAMILY = "1,2";
				VALIDATE_PRODUCT = YES;
			};
			name = Release;
		};
		E03328641E8C195B0031C2E9 /* Debug */ = {
			isa = XCBuildConfiguration;
			baseConfigurationReference = 81819759A3293FF705533F18 /* Pods-Flicks.debug.xcconfig */;
			buildSettings = {
				ASSETCATALOG_COMPILER_APPICON_NAME = AppIcon;
				DEVELOPMENT_TEAM = WQ56QXLK4A;
				FRAMEWORK_SEARCH_PATHS = (
					"$(inherited)",
					"$(PROJECT_DIR)/build/Debug-iphoneos/SVProgressHUD",
				);
				INFOPLIST_FILE = Flicks/Info.plist;
				LD_RUNPATH_SEARCH_PATHS = "$(inherited) @executable_path/Frameworks";
				PRODUCT_BUNDLE_IDENTIFIER = com.yanzeliu.Flicks;
				PRODUCT_NAME = "$(TARGET_NAME)";
				SWIFT_VERSION = 3.0;
			};
			name = Debug;
		};
		E03328651E8C195B0031C2E9 /* Release */ = {
			isa = XCBuildConfiguration;
			baseConfigurationReference = CE38B296556DA3FC253B5BE9 /* Pods-Flicks.release.xcconfig */;
			buildSettings = {
				ASSETCATALOG_COMPILER_APPICON_NAME = AppIcon;
				DEVELOPMENT_TEAM = WQ56QXLK4A;
				FRAMEWORK_SEARCH_PATHS = (
					"$(inherited)",
					"$(PROJECT_DIR)/build/Debug-iphoneos/SVProgressHUD",
				);
				INFOPLIST_FILE = Flicks/Info.plist;
				LD_RUNPATH_SEARCH_PATHS = "$(inherited) @executable_path/Frameworks";
				PRODUCT_BUNDLE_IDENTIFIER = com.yanzeliu.Flicks;
				PRODUCT_NAME = "$(TARGET_NAME)";
				SWIFT_VERSION = 3.0;
			};
			name = Release;
		};
/* End XCBuildConfiguration section */

/* Begin XCConfigurationList section */
		E033284C1E8C195B0031C2E9 /* Build configuration list for PBXProject "Flicks" */ = {
			isa = XCConfigurationList;
			buildConfigurations = (
				E03328611E8C195B0031C2E9 /* Debug */,
				E03328621E8C195B0031C2E9 /* Release */,
			);
			defaultConfigurationIsVisible = 0;
			defaultConfigurationName = Release;
		};
		E03328631E8C195B0031C2E9 /* Build configuration list for PBXNativeTarget "Flicks" */ = {
			isa = XCConfigurationList;
			buildConfigurations = (
				E03328641E8C195B0031C2E9 /* Debug */,
				E03328651E8C195B0031C2E9 /* Release */,
			);
			defaultConfigurationIsVisible = 0;
			defaultConfigurationName = Release;
		};
/* End XCConfigurationList section */
	};
	rootObject = E03328491E8C195B0031C2E9 /* Project object */;
}
